
Microsoft Visual Studio Solution File, Format Version 12.00
# Visual Studio Version 16
VisualStudioVersion = 16.0.30413.136
MinimumVisualStudioVersion = 10.0.40219.1
Project("{FAE04EC0-301F-11D3-BF4B-00C04F79EFBC}") = "ProjectPrototpypeV4", "ProjectPrototpypeV4.csproj", "{DECF951C-63D6-4B24-B95B-65EC20A63566}"
EndProject
Global
	GlobalSection(SolutionConfigurationPlatforms) = preSolution
		Debug|Any CPU = Debug|Any CPU
		Release|Any CPU = Release|Any CPU
	EndGlobalSection
	GlobalSection(ProjectConfigurationPlatforms) = postSolution
		{DECF951C-63D6-4B24-B95B-65EC20A63566}.Debug|Any CPU.ActiveCfg = Debug|Any CPU
		{DECF951C-63D6-4B24-B95B-65EC20A63566}.Debug|Any CPU.Build.0 = Debug|Any CPU
		{DECF951C-63D6-4B24-B95B-65EC20A63566}.Release|Any CPU.ActiveCfg = Release|Any CPU
		{DECF951C-63D6-4B24-B95B-65EC20A63566}.Release|Any CPU.Build.0 = Release|Any CPU
	EndGlobalSection
	GlobalSection(SolutionProperties) = preSolution
		HideSolutionNode = FALSE
	EndGlobalSection
	GlobalSection(ExtensibilityGlobals) = postSolution
		SolutionGuid = {13C976A8-3C22-4874-ADDC-8C9097E7B9D0}
	EndGlobalSection
EndGlobal
